// !$*UTF8*$!
{
	archiveVersion = 1;
	classes = {
	};
	objectVersion = 46;
	objects = {

/* Begin PBXBuildFile section */
		8EAEC5E92D90939C00D9E006 /* AppDelegate.swift in Sources */ = {isa = PBXBuildFile; fileRef = 8EAEC5E82D90939C00D9E006 /* AppDelegate.swift */; };
		8EAEC5EB2D90939C00D9E006 /* ViewController.swift in Sources */ = {isa = PBXBuildFile; fileRef = 8EAEC5EA2D90939C00D9E006 /* ViewController.swift */; };
		8EAEC5EE2D90939C00D9E006 /* Main.storyboard in Resources */ = {isa = PBXBuildFile; fileRef = 8EAEC5EC2D90939C00D9E006 /* Main.storyboard */; };
		8EAEC5F02D90939C00D9E006 /* Assets.xcassets in Resources */ = {isa = PBXBuildFile; fileRef = 8EAEC5EF2D90939C00D9E006 /* Assets.xcassets */; };
		8EAEC5F32D90939C00D9E006 /* LaunchScreen.storyboard in Resources */ = {isa = PBXBuildFile; fileRef = 8EAEC5F12D90939C00D9E006 /* LaunchScreen.storyboard */; };
		8EAEC5FE2D90939C00D9E006 /* YouTubTests.swift in Sources */ = {isa = PBXBuildFile; fileRef = 8EAEC5FD2D90939C00D9E006 /* YouTubTests.swift */; };
		8EAEC6092D90939C00D9E006 /* YouTubUITests.swift in Sources */ = {isa = PBXBuildFile; fileRef = 8EAEC6082D90939C00D9E006 /* YouTubUITests.swift */; };
/* End PBXBuildFile section */

/* Begin PBXContainerItemProxy section */
		8EAEC5FA2D90939C00D9E006 /* PBXContainerItemProxy */ = {
			isa = PBXContainerItemProxy;
			containerPortal = 8EAEC5DD2D90939C00D9E006 /* Project object */;
			proxyType = 1;
			remoteGlobalIDString = 8EAEC5E42D90939C00D9E006;
			remoteInfo = YouTub;
		};
		8EAEC6052D90939C00D9E006 /* PBXContainerItemProxy */ = {
			isa = PBXContainerItemProxy;
			containerPortal = 8EAEC5DD2D90939C00D9E006 /* Project object */;
			proxyType = 1;
			remoteGlobalIDString = 8EAEC5E42D90939C00D9E006;
			remoteInfo = YouTub;
		};
/* End PBXContainerItemProxy section */

/* Begin PBXFileReference section */
		8EAEC5E52D90939C00D9E006 /* YouTub.app */ = {isa = PBXFileReference; explicitFileType = wrapper.application; includeInIndex = 0; path = YouTub.app; sourceTree = BUILT_PRODUCTS_DIR; };
		8EAEC5E82D90939C00D9E006 /* AppDelegate.swift */ = {isa = PBXFileReference; lastKnownFileType = sourcecode.swift; path = AppDelegate.swift; sourceTree = "<group>"; };
		8EAEC5EA2D90939C00D9E006 /* ViewController.swift */ = {isa = PBXFileReference; lastKnownFileType = sourcecode.swift; path = ViewController.swift; sourceTree = "<group>"; };
		8EAEC5ED2D90939C00D9E006 /* Base */ = {isa = PBXFileReference; lastKnownFileType = file.storyboard; name = Base; path = Base.lproj/Main.storyboard; sourceTree = "<group>"; };
		8EAEC5EF2D90939C00D9E006 /* Assets.xcassets */ = {isa = PBXFileReference; lastKnownFileType = folder.assetcatalog; path = Assets.xcassets; sourceTree = "<group>"; };
		8EAEC5F22D90939C00D9E006 /* Base */ = {isa = PBXFileReference; lastKnownFileType = file.storyboard; name = Base; path = Base.lproj/LaunchScreen.storyboard; sourceTree = "<group>"; };
		8EAEC5F42D90939C00D9E006 /* Info.plist */ = {isa = PBXFileReference; lastKnownFileType = text.plist.xml; path = Info.plist; sourceTree = "<group>"; };
		8EAEC5F92D90939C00D9E006 /* YouTubTests.xctest */ = {isa = PBXFileReference; explicitFileType = wrapper.cfbundle; includeInIndex = 0; path = YouTubTests.xctest; sourceTree = BUILT_PRODUCTS_DIR; };
		8EAEC5FD2D90939C00D9E006 /* YouTubTests.swift */ = {isa = PBXFileReference; lastKnownFileType = sourcecode.swift; path = YouTubTests.swift; sourceTree = "<group>"; };
		8EAEC5FF2D90939C00D9E006 /* Info.plist */ = {isa = PBXFileReference; lastKnownFileType = text.plist.xml; path = Info.plist; sourceTree = "<group>"; };
		8EAEC6042D90939C00D9E006 /* YouTubUITests.xctest */ = {isa = PBXFileReference; explicitFileType = wrapper.cfbundle; includeInIndex = 0; path = YouTubUITests.xctest; sourceTree = BUILT_PRODUCTS_DIR; };
		8EAEC6082D90939C00D9E006 /* YouTubUITests.swift */ = {isa = PBXFileReference; lastKnownFileType = sourcecode.swift; path = YouTubUITests.swift; sourceTree = "<group>"; };
		8EAEC60A2D90939C00D9E006 /* Info.plist */ = {isa = PBXFileReference; lastKnownFileType = text.plist.xml; path = Info.plist; sourceTree = "<group>"; };
/* End PBXFileReference section */

/* Begin PBXFrameworksBuildPhase section */
		8EAEC5E22D90939C00D9E006 /* Frameworks */ = {
			isa = PBXFrameworksBuildPhase;
			buildActionMask = 2147483647;
			files = (
			);
			runOnlyForDeploymentPostprocessing = 0;
		};
		8EAEC5F62D90939C00D9E006 /* Frameworks */ = {
			isa = PBXFrameworksBuildPhase;
			buildActionMask = 2147483647;
			files = (
			);
			runOnlyForDeploymentPostprocessing = 0;
		};
		8EAEC6012D90939C00D9E006 /* Frameworks */ = {
			isa = PBXFrameworksBuildPhase;
			buildActionMask = 2147483647;
			files = (
			);
			runOnlyForDeploymentPostprocessing = 0;
		};
/* End PBXFrameworksBuildPhase section */

/* Begin PBXGroup section */
		8EAEC5DC2D90939C00D9E006 = {
			isa = PBXGroup;
			children = (
				8EAEC5E72D90939C00D9E006 /* YouTub */,
				8EAEC5FC2D90939C00D9E006 /* YouTubTests */,
				8EAEC6072D90939C00D9E006 /* YouTubUITests */,
				8EAEC5E62D90939C00D9E006 /* Products */,
			);
			sourceTree = "<group>";
		};
		8EAEC5E62D90939C00D9E006 /* Products */ = {
			isa = PBXGroup;
			children = (
				8EAEC5E52D90939C00D9E006 /* YouTub.app */,
				8EAEC5F92D90939C00D9E006 /* YouTubTests.xctest */,
				8EAEC6042D90939C00D9E006 /* YouTubUITests.xctest */,
			);
			name = Products;
			sourceTree = "<group>";
		};
		8EAEC5E72D90939C00D9E006 /* YouTub */ = {
			isa = PBXGroup;
			children = (
				8EAEC5E82D90939C00D9E006 /* AppDelegate.swift */,
				8EAEC5EA2D90939C00D9E006 /* ViewController.swift */,
				8EAEC5EC2D90939C00D9E006 /* Main.storyboard */,
				8EAEC5EF2D90939C00D9E006 /* Assets.xcassets */,
				8EAEC5F12D90939C00D9E006 /* LaunchScreen.storyboard */,
				8EAEC5F42D90939C00D9E006 /* Info.plist */,
			);
			path = YouTub;
			sourceTree = "<group>";
		};
		8EAEC5FC2D90939C00D9E006 /* YouTubTests */ = {
			isa = PBXGroup;
			children = (
				8EAEC5FD2D90939C00D9E006 /* YouTubTests.swift */,
				8EAEC5FF2D90939C00D9E006 /* Info.plist */,
			);
			path = YouTubTests;
			sourceTree = "<group>";
		};
		8EAEC6072D90939C00D9E006 /* YouTubUITests */ = {
			isa = PBXGroup;
			children = (
				8EAEC6082D90939C00D9E006 /* YouTubUITests.swift */,
				8EAEC60A2D90939C00D9E006 /* Info.plist */,
			);
			path = YouTubUITests;
			sourceTree = "<group>";
		};
/* End PBXGroup section */

/* Begin PBXNativeTarget section */
		8EAEC5E42D90939C00D9E006 /* YouTub */ = {
			isa = PBXNativeTarget;
			buildConfigurationList = 8EAEC60D2D90939C00D9E006 /* Build configuration list for PBXNativeTarget "YouTub" */;
			buildPhases = (
				8EAEC5E12D90939C00D9E006 /* Sources */,
				8EAEC5E22D90939C00D9E006 /* Frameworks */,
				8EAEC5E32D90939C00D9E006 /* Resources */,
			);
			buildRules = (
			);
			dependencies = (
			);
			name = YouTub;
			productName = YouTub;
			productReference = 8EAEC5E52D90939C00D9E006 /* YouTub.app */;
			productType = "com.apple.product-type.application";
		};
		8EAEC5F82D90939C00D9E006 /* YouTubTests */ = {
			isa = PBXNativeTarget;
			buildConfigurationList = 8EAEC6102D90939C00D9E006 /* Build configuration list for PBXNativeTarget "YouTubTests" */;
			buildPhases = (
				8EAEC5F52D90939C00D9E006 /* Sources */,
				8EAEC5F62D90939C00D9E006 /* Frameworks */,
				8EAEC5F72D90939C00D9E006 /* Resources */,
			);
			buildRules = (
			);
			dependencies = (
				8EAEC5FB2D90939C00D9E006 /* PBXTargetDependency */,
			);
			name = YouTubTests;
			productName = YouTubTests;
			productReference = 8EAEC5F92D90939C00D9E006 /* YouTubTests.xctest */;
			productType = "com.apple.product-type.bundle.unit-test";
		};
		8EAEC6032D90939C00D9E006 /* YouTubUITests */ = {
			isa = PBXNativeTarget;
			buildConfigurationList = 8EAEC6132D90939C00D9E006 /* Build configuration list for PBXNativeTarget "YouTubUITests" */;
			buildPhases = (
				8EAEC6002D90939C00D9E006 /* Sources */,
				8EAEC6012D90939C00D9E006 /* Frameworks */,
				8EAEC6022D90939C00D9E006 /* Resources */,
			);
			buildRules = (
			);
			dependencies = (
				8EAEC6062D90939C00D9E006 /* PBXTargetDependency */,
			);
			name = YouTubUITests;
			productName = YouTubUITests;
			productReference = 8EAEC6042D90939C00D9E006 /* YouTubUITests.xctest */;
			productType = "com.apple.product-type.bundle.ui-testing";
		};
/* End PBXNativeTarget section */

/* Begin PBXProject section */
		8EAEC5DD2D90939C00D9E006 /* Project object */ = {
			isa = PBXProject;
			attributes = {
				LastSwiftUpdateCheck = 0730;
				LastUpgradeCheck = 0730;
				ORGANIZATIONNAME = "name 1";
				TargetAttributes = {
					8EAEC5E42D90939C00D9E006 = {
						CreatedOnToolsVersion = 7.3.1;
					};
					8EAEC5F82D90939C00D9E006 = {
						CreatedOnToolsVersion = 7.3.1;
						TestTargetID = 8EAEC5E42D90939C00D9E006;
					};
					8EAEC6032D90939C00D9E006 = {
						CreatedOnToolsVersion = 7.3.1;
						TestTargetID = 8EAEC5E42D90939C00D9E006;
					};
				};
			};
			buildConfigurationList = 8EAEC5E02D90939C00D9E006 /* Build configuration list for PBXProject "YouTub" */;
			compatibilityVersion = "Xcode 3.2";
			developmentRegion = English;
			hasScannedForEncodings = 0;
			knownRegions = (
				en,
				Base,
			);
			mainGroup = 8EAEC5DC2D90939C00D9E006;
			productRefGroup = 8EAEC5E62D90939C00D9E006 /* Products */;
			projectDirPath = "";
			projectRoot = "";
			targets = (
				8EAEC5E42D90939C00D9E006 /* YouTub */,
				8EAEC5F82D90939C00D9E006 /* YouTubTests */,
				8EAEC6032D90939C00D9E006 /* YouTubUITests */,
			);
		};
/* End PBXProject section */

/* Begin PBXResourcesBuildPhase section */
		8EAEC5E32D90939C00D9E006 /* Resources */ = {
			isa = PBXResourcesBuildPhase;
			buildActionMask = 2147483647;
			files = (
				8EAEC5F32D90939C00D9E006 /* LaunchScreen.storyboard in Resources */,
				8EAEC5F02D90939C00D9E006 /* Assets.xcassets in Resources */,
				8EAEC5EE2D90939C00D9E006 /* Main.storyboard in Resources */,
			);
			runOnlyForDeploymentPostprocessing = 0;
		};
		8EAEC5F72D90939C00D9E006 /* Resources */ = {
			isa = PBXResourcesBuildPhase;
			buildActionMask = 2147483647;
			files = (
			);
			runOnlyForDeploymentPostprocessing = 0;
		};
		8EAEC6022D90939C00D9E006 /* Resources */ = {
			isa = PBXResourcesBuildPhase;
			buildActionMask = 2147483647;
			files = (
			);
			runOnlyForDeploymentPostprocessing = 0;
		};
/* End PBXResourcesBuildPhase section */

/* Begin PBXSourcesBuildPhase section */
		8EAEC5E12D90939C00D9E006 /* Sources */ = {
			isa = PBXSourcesBuildPhase;
			buildActionMask = 2147483647;
			files = (
				8EAEC5EB2D90939C00D9E006 /* ViewController.swift in Sources */,
				8EAEC5E92D90939C00D9E006 /* AppDelegate.swift in Sources */,
			);
			runOnlyForDeploymentPostprocessing = 0;
		};
		8EAEC5F52D90939C00D9E006 /* Sources */ = {
			isa = PBXSourcesBuildPhase;
			buildActionMask = 2147483647;
			files = (
				8EAEC5FE2D90939C00D9E006 /* YouTubTests.swift in Sources */,
			);
			runOnlyForDeploymentPostprocessing = 0;
		};
		8EAEC6002D90939C00D9E006 /* Sources */ = {
			isa = PBXSourcesBuildPhase;
			buildActionMask = 2147483647;
			files = (
				8EAEC6092D90939C00D9E006 /* YouTubUITests.swift in Sources */,
			);
			runOnlyForDeploymentPostprocessing = 0;
		};
/* End PBXSourcesBuildPhase section */

/* Begin PBXTargetDependency section */
		8EAEC5FB2D90939C00D9E006 /* PBXTargetDependency */ = {
			isa = PBXTargetDependency;
			target = 8EAEC5E42D90939C00D9E006 /* YouTub */;
			targetProxy = 8EAEC5FA2D90939C00D9E006 /* PBXContainerItemProxy */;
		};
		8EAEC6062D90939C00D9E006 /* PBXTargetDependency */ = {
			isa = PBXTargetDependency;
			target = 8EAEC5E42D90939C00D9E006 /* YouTub */;
			targetProxy = 8EAEC6052D90939C00D9E006 /* PBXContainerItemProxy */;
		};
/* End PBXTargetDependency section */

/* Begin PBXVariantGroup section */
		8EAEC5EC2D90939C00D9E006 /* Main.storyboard */ = {
			isa = PBXVariantGroup;
			children = (
				8EAEC5ED2D90939C00D9E006 /* Base */,
			);
			name = Main.storyboard;
			sourceTree = "<group>";
		};
		8EAEC5F12D90939C00D9E006 /* LaunchScreen.storyboard */ = {
			isa = PBXVariantGroup;
			children = (
				8EAEC5F22D90939C00D9E006 /* Base */,
			);
			name = LaunchScreen.storyboard;
			sourceTree = "<group>";
		};
/* End PBXVariantGroup section */

/* Begin XCBuildConfiguration section */
		8EAEC60B2D90939C00D9E006 /* Debug */ = {
			isa = XCBuildConfiguration;
			buildSettings = {
				ALWAYS_SEARCH_USER_PATHS = NO;
				CLANG_ANALYZER_NONNULL = YES;
				CLANG_CXX_LANGUAGE_STANDARD = "gnu++0x";
				CLANG_CXX_LIBRARY = "libc++";
				CLANG_ENABLE_MODULES = YES;
				CLANG_ENABLE_OBJC_ARC = YES;
				CLANG_WARN_BOOL_CONVERSION = YES;
				CLANG_WARN_CONSTANT_CONVERSION = YES;
				CLANG_WARN_DIRECT_OBJC_ISA_USAGE = YES_ERROR;
				CLANG_WARN_EMPTY_BODY = YES;
				CLANG_WARN_ENUM_CONVERSION = YES;
				CLANG_WARN_INT_CONVERSION = YES;
				CLANG_WARN_OBJC_ROOT_CLASS = YES_ERROR;
				CLANG_WARN_UNREACHABLE_CODE = YES;
				CLANG_WARN__DUPLICATE_METHOD_MATCH = YES;
				"CODE_SIGN_IDENTITY[sdk=iphoneos*]" = "iPhone Developer";
				COPY_PHASE_STRIP = NO;
				DEBUG_INFORMATION_FORMAT = dwarf;
				ENABLE_STRICT_OBJC_MSGSEND = YES;
				ENABLE_TESTABILITY = YES;
				GCC_C_LANGUAGE_STANDARD = gnu99;
				GCC_DYNAMIC_NO_PIC = NO;
				GCC_NO_COMMON_BLOCKS = YES;
				GCC_OPTIMIZATION_LEVEL = 0;
				GCC_PREPROCESSOR_DEFINITIONS = (
					"DEBUG=1",
					"$(inherited)",
				);
				GCC_WARN_64_TO_32_BIT_CONVERSION = YES;
				GCC_WARN_ABOUT_RETURN_TYPE = YES_ERROR;
				GCC_WARN_UNDECLARED_SELECTOR = YES;
				GCC_WARN_UNINITIALIZED_AUTOS = YES_AGGRESSIVE;
				GCC_WARN_UNUSED_FUNCTION = YES;
				GCC_WARN_UNUSED_VARIABLE = YES;
				IPHONEOS_DEPLOYMENT_TARGET = 9.3;
				MTL_ENABLE_DEBUG_INFO = YES;
				ONLY_ACTIVE_ARCH = YES;
				SDKROOT = iphoneos;
				SWIFT_OPTIMIZATION_LEVEL = "-Onone";
				TARGETED_DEVICE_FAMILY = "1,2";
			};
			name = Debug;
		};
		8EAEC60C2D90939C00D9E006 /* Release */ = {
			isa = XCBuildConfiguration;
			buildSettings = {
				ALWAYS_SEARCH_USER_PATHS = NO;
				CLANG_ANALYZER_NONNULL = YES;
				CLANG_CXX_LANGUAGE_STANDARD = "gnu++0x";
				CLANG_CXX_LIBRARY = "libc++";
				CLANG_ENABLE_MODULES = YES;
				CLANG_ENABLE_OBJC_ARC = YES;
				CLANG_WARN_BOOL_CONVERSION = YES;
				CLANG_WARN_CONSTANT_CONVERSION = YES;
				CLANG_WARN_DIRECT_OBJC_ISA_USAGE = YES_ERROR;
				CLANG_WARN_EMPTY_BODY = YES;
				CLANG_WARN_ENUM_CONVERSION = YES;
				CLANG_WARN_INT_CONVERSION = YES;
				CLANG_WARN_OBJC_ROOT_CLASS = YES_ERROR;
				CLANG_WARN_UNREACHABLE_CODE = YES;
				CLANG_WARN__DUPLICATE_METHOD_MATCH = YES;
				"CODE_SIGN_IDENTITY[sdk=iphoneos*]" = "iPhone Developer";
				COPY_PHASE_STRIP = NO;
				DEBUG_INFORMATION_FORMAT = "dwarf-with-dsym";
				ENABLE_NS_ASSERTIONS = NO;
				ENABLE_STRICT_OBJC_MSGSEND = YES;
				GCC_C_LANGUAGE_STANDARD = gnu99;
				GCC_NO_COMMON_BLOCKS = YES;
				GCC_WARN_64_TO_32_BIT_CONVERSION = YES;
				GCC_WARN_ABOUT_RETURN_TYPE = YES_ERROR;
				GCC_WARN_UNDECLARED_SELECTOR = YES;
				GCC_WARN_UNINITIALIZED_AUTOS = YES_AGGRESSIVE;
				GCC_WARN_UNUSED_FUNCTION = YES;
				GCC_WARN_UNUSED_VARIABLE = YES;
				IPHONEOS_DEPLOYMENT_TARGET = 9.3;
				MTL_ENABLE_DEBUG_INFO = NO;
				SDKROOT = iphoneos;
				TARGETED_DEVICE_FAMILY = "1,2";
				VALIDATE_PRODUCT = YES;
			};
			name = Release;
		};
		8EAEC60E2D90939C00D9E006 /* Debug */ = {
			isa = XCBuildConfiguration;
			buildSettings = {
				ASSETCATALOG_COMPILER_APPICON_NAME = AppIcon;
				INFOPLIST_FILE = YouTub/Info.plist;
				IPHONEOS_DEPLOYMENT_TARGET = 8.0;
				LD_RUNPATH_SEARCH_PATHS = "$(inherited) @executable_path/Frameworks";
				PRODUCT_BUNDLE_IDENTIFIER = techspice0.YouTub;
				PRODUCT_NAME = "$(TARGET_NAME)";
			};
			name = Debug;
		};
		8EAEC60F2D90939C00D9E006 /* Release */ = {
			isa = XCBuildConfiguration;
			buildSettings = {
				ASSETCATALOG_COMPILER_APPICON_NAME = AppIcon;
				INFOPLIST_FILE = YouTub/Info.plist;
				IPHONEOS_DEPLOYMENT_TARGET = 8.0;
				LD_RUNPATH_SEARCH_PATHS = "$(inherited) @executable_path/Frameworks";
				PRODUCT_BUNDLE_IDENTIFIER = techspice0.YouTub;
				PRODUCT_NAME = "$(TARGET_NAME)";
			};
			name = Release;
		};
		8EAEC6112D90939C00D9E006 /* Debug */ = {
			isa = XCBuildConfiguration;
			buildSettings = {
				BUNDLE_LOADER = "$(TEST_HOST)";
				INFOPLIST_FILE = YouTubTests/Info.plist;
				LD_RUNPATH_SEARCH_PATHS = "$(inherited) @executable_path/Frameworks @loader_path/Frameworks";
				PRODUCT_BUNDLE_IDENTIFIER = techspice0.YouTubTests;
				PRODUCT_NAME = "$(TARGET_NAME)";
				TEST_HOST = "$(BUILT_PRODUCTS_DIR)/YouTub.app/YouTub";
			};
			name = Debug;
		};
		8EAEC6122D90939C00D9E006 /* Release */ = {
			isa = XCBuildConfiguration;
			buildSettings = {
				BUNDLE_LOADER = "$(TEST_HOST)";
				INFOPLIST_FILE = YouTubTests/Info.plist;
				LD_RUNPATH_SEARCH_PATHS = "$(inherited) @executable_path/Frameworks @loader_path/Frameworks";
				PRODUCT_BUNDLE_IDENTIFIER = techspice0.YouTubTests;
				PRODUCT_NAME = "$(TARGET_NAME)";
				TEST_HOST = "$(BUILT_PRODUCTS_DIR)/YouTub.app/YouTub";
			};
			name = Release;
		};
		8EAEC6142D90939C00D9E006 /* Debug */ = {
			isa = XCBuildConfiguration;
			buildSettings = {
				INFOPLIST_FILE = YouTubUITests/Info.plist;
				LD_RUNPATH_SEARCH_PATHS = "$(inherited) @executable_path/Frameworks @loader_path/Frameworks";
				PRODUCT_BUNDLE_IDENTIFIER = techspice0.YouTubUITests;
				PRODUCT_NAME = "$(TARGET_NAME)";
				TEST_TARGET_NAME = YouTub;
			};
			name = Debug;
		};
		8EAEC6152D90939C00D9E006 /* Release */ = {
			isa = XCBuildConfiguration;
			buildSettings = {
				INFOPLIST_FILE = YouTubUITests/Info.plist;
				LD_RUNPATH_SEARCH_PATHS = "$(inherited) @executable_path/Frameworks @loader_path/Frameworks";
				PRODUCT_BUNDLE_IDENTIFIER = techspice0.YouTubUITests;
				PRODUCT_NAME = "$(TARGET_NAME)";
				TEST_TARGET_NAME = YouTub;
			};
			name = Release;
		};
/* End XCBuildConfiguration section */

/* Begin XCConfigurationList section */
		8EAEC5E02D90939C00D9E006 /* Build configuration list for PBXProject "YouTub" */ = {
			isa = XCConfigurationList;
			buildConfigurations = (
				8EAEC60B2D90939C00D9E006 /* Debug */,
				8EAEC60C2D90939C00D9E006 /* Release */,
			);
			defaultConfigurationIsVisible = 0;
			defaultConfigurationName = Release;
		};
		8EAEC60D2D90939C00D9E006 /* Build configuration list for PBXNativeTarget "YouTub" */ = {
			isa = XCConfigurationList;
			buildConfigurations = (
				8EAEC60E2D90939C00D9E006 /* Debug */,
				8EAEC60F2D90939C00D9E006 /* Release */,
			);
			defaultConfigurationIsVisible = 0;
			defaultConfigurationName = Release;
		};
		8EAEC6102D90939C00D9E006 /* Build configuration list for PBXNativeTarget "YouTubTests" */ = {
			isa = XCConfigurationList;
			buildConfigurations = (
				8EAEC6112D90939C00D9E006 /* Debug */,
				8EAEC6122D90939C00D9E006 /* Release */,
			);
			defaultConfigurationIsVisible = 0;
			defaultConfigurationName = Release;
		};
		8EAEC6132D90939C00D9E006 /* Build configuration list for PBXNativeTarget "YouTubUITests" */ = {
			isa = XCConfigurationList;
			buildConfigurations = (
				8EAEC6142D90939C00D9E006 /* Debug */,
				8EAEC6152D90939C00D9E006 /* Release */,
			);
			defaultConfigurationIsVisible = 0;
			defaultConfigurationName = Release;
		};
/* End XCConfigurationList section */
	};
	rootObject = 8EAEC5DD2D90939C00D9E006 /* Project object */;
}
